
Microsoft Visual Studio Solution File, Format Version 12.00
# Visual Studio Version 17
VisualStudioVersion = 17.5.33530.505
MinimumVisualStudioVersion = 10.0.40219.1
Project("{9A19103F-16F7-4668-BE54-9A1E7A4F7556}") = "Library", "Library\Library.csproj", "{242B141F-5E1C-445A-85BA-97407064D6BE}"
EndProject
Project("{9A19103F-16F7-4668-BE54-9A1E7A4F7556}") = "DoctorPrj", "DoctorPrj\DoctorPrj.csproj", "{D04466ED-5DFA-4EB3-9130-35A87D26B0DB}"
EndProject
Project("{9A19103F-16F7-4668-BE54-9A1E7A4F7556}") = "AppointmentPrj", "AppointmentPrj\AppointmentPrj.csproj", "{304DBD96-2DC6-43CB-96D8-587DA042BEDD}"
EndProject
Project("{FAE04EC0-301F-11D3-BF4B-00C04F79EFBC}") = "PatientProject", "PatientProject\PatientProject.csproj", "{78882111-57B8-4A52-8539-4D5ADF1C41E5}"
EndProject
Global
	GlobalSection(SolutionConfigurationPlatforms) = preSolution
		Debug|Any CPU = Debug|Any CPU
		Release|Any CPU = Release|Any CPU
	EndGlobalSection
	GlobalSection(ProjectConfigurationPlatforms) = postSolution
		{242B141F-5E1C-445A-85BA-97407064D6BE}.Debug|Any CPU.ActiveCfg = Debug|Any CPU
		{242B141F-5E1C-445A-85BA-97407064D6BE}.Debug|Any CPU.Build.0 = Debug|Any CPU
		{242B141F-5E1C-445A-85BA-97407064D6BE}.Release|Any CPU.ActiveCfg = Release|Any CPU
		{242B141F-5E1C-445A-85BA-97407064D6BE}.Release|Any CPU.Build.0 = Release|Any CPU
		{D04466ED-5DFA-4EB3-9130-35A87D26B0DB}.Debug|Any CPU.ActiveCfg = Debug|Any CPU
		{D04466ED-5DFA-4EB3-9130-35A87D26B0DB}.Debug|Any CPU.Build.0 = Debug|Any CPU
		{D04466ED-5DFA-4EB3-9130-35A87D26B0DB}.Release|Any CPU.ActiveCfg = Release|Any CPU
		{D04466ED-5DFA-4EB3-9130-35A87D26B0DB}.Release|Any CPU.Build.0 = Release|Any CPU
		{304DBD96-2DC6-43CB-96D8-587DA042BEDD}.Debug|Any CPU.ActiveCfg = Debug|Any CPU
		{304DBD96-2DC6-43CB-96D8-587DA042BEDD}.Debug|Any CPU.Build.0 = Debug|Any CPU
		{304DBD96-2DC6-43CB-96D8-587DA042BEDD}.Release|Any CPU.ActiveCfg = Release|Any CPU
		{304DBD96-2DC6-43CB-96D8-587DA042BEDD}.Release|Any CPU.Build.0 = Release|Any CPU
		{78882111-57B8-4A52-8539-4D5ADF1C41E5}.Debug|Any CPU.ActiveCfg = Debug|Any CPU
		{78882111-57B8-4A52-8539-4D5ADF1C41E5}.Debug|Any CPU.Build.0 = Debug|Any CPU
		{78882111-57B8-4A52-8539-4D5ADF1C41E5}.Release|Any CPU.ActiveCfg = Release|Any CPU
		{78882111-57B8-4A52-8539-4D5ADF1C41E5}.Release|Any CPU.Build.0 = Release|Any CPU
	EndGlobalSection
	GlobalSection(SolutionProperties) = preSolution
		HideSolutionNode = FALSE
	EndGlobalSection
	GlobalSection(ExtensibilityGlobals) = postSolution
		SolutionGuid = {932D8F45-4CAD-4040-A332-1589B1D8E6A4}
	EndGlobalSection
EndGlobal
